
Microsoft Visual Studio Solution File, Format Version 12.00
# Visual Studio Version 17
VisualStudioVersion = 17.0.31903.59
MinimumVisualStudioVersion = 10.0.40219.1
Project("{FAE04EC0-301F-11D3-BF4B-00C04F79EFBC}") = "MtgTracker", "MtgTracker\MtgTracker.csproj", "{18BF9ADF-5F09-4483-86C6-4A05446A9227}"
EndProject
Project("{FAE04EC0-301F-11D3-BF4B-00C04F79EFBC}") = "MtgLibrary.Tests", "MtgLibrary.Tests\MtgLibrary.Tests.csproj", "{953ADBE1-60AC-4889-8CF9-4F33E3CF5686}"
EndProject
Project("{FAE04EC0-301F-11D3-BF4B-00C04F79EFBC}") = "DAL", "DAL\DAL.csproj", "{5AD8B5DF-17EE-4957-B72E-F9D117D96A1F}"
EndProject
Global
	GlobalSection(SolutionConfigurationPlatforms) = preSolution
		Debug|Any CPU = Debug|Any CPU
		Release|Any CPU = Release|Any CPU
	EndGlobalSection
	GlobalSection(SolutionProperties) = preSolution
		HideSolutionNode = FALSE
	EndGlobalSection
	GlobalSection(ProjectConfigurationPlatforms) = postSolution
		{18BF9ADF-5F09-4483-86C6-4A05446A9227}.Debug|Any CPU.ActiveCfg = Debug|Any CPU
		{18BF9ADF-5F09-4483-86C6-4A05446A9227}.Debug|Any CPU.Build.0 = Debug|Any CPU
		{18BF9ADF-5F09-4483-86C6-4A05446A9227}.Release|Any CPU.ActiveCfg = Release|Any CPU
		{18BF9ADF-5F09-4483-86C6-4A05446A9227}.Release|Any CPU.Build.0 = Release|Any CPU
		{953ADBE1-60AC-4889-8CF9-4F33E3CF5686}.Debug|Any CPU.ActiveCfg = Debug|Any CPU
		{953ADBE1-60AC-4889-8CF9-4F33E3CF5686}.Debug|Any CPU.Build.0 = Debug|Any CPU
		{953ADBE1-60AC-4889-8CF9-4F33E3CF5686}.Release|Any CPU.ActiveCfg = Release|Any CPU
		{953ADBE1-60AC-4889-8CF9-4F33E3CF5686}.Release|Any CPU.Build.0 = Release|Any CPU
		{5AD8B5DF-17EE-4957-B72E-F9D117D96A1F}.Debug|Any CPU.ActiveCfg = Debug|Any CPU
		{5AD8B5DF-17EE-4957-B72E-F9D117D96A1F}.Debug|Any CPU.Build.0 = Debug|Any CPU
		{5AD8B5DF-17EE-4957-B72E-F9D117D96A1F}.Release|Any CPU.ActiveCfg = Release|Any CPU
		{5AD8B5DF-17EE-4957-B72E-F9D117D96A1F}.Release|Any CPU.Build.0 = Release|Any CPU
	EndGlobalSection
EndGlobal
